
Microsoft Visual Studio Solution File, Format Version 12.00
# Visual Studio Version 17
VisualStudioVersion = 17.5.33530.505
MinimumVisualStudioVersion = 10.0.40219.1
Project("{FAE04EC0-301F-11D3-BF4B-00C04F79EFBC}") = "Perron", "Perron\Perron.csproj", "{A73B7707-C713-4026-91EA-FAFE146BE693}"
EndProject
Project("{FAE04EC0-301F-11D3-BF4B-00C04F79EFBC}") = "Model", "Model\Model.csproj", "{E09BA858-CAAF-4A09-853D-20FB22FAC4CE}"
EndProject
Project("{FAE04EC0-301F-11D3-BF4B-00C04F79EFBC}") = "Repository", "Repository\Repository.csproj", "{D7DEE4F2-3D31-46E6-8D33-C96CB27C941F}"
EndProject
Project("{FAE04EC0-301F-11D3-BF4B-00C04F79EFBC}") = "Services", "Services\Services.csproj", "{43424ECC-1AD6-4498-B884-1DBCD70FF99D}"
EndProject
Project("{9A19103F-16F7-4668-BE54-9A1E7A4F7556}") = "Utilitarios", "Utilitarios\Utilitarios.csproj", "{B1BA4D17-70FF-4490-910E-1E9904542662}"
EndProject
Project("{FAE04EC0-301F-11D3-BF4B-00C04F79EFBC}") = "GerenciandoBaseDedados", "GerenciandoBaseDedados\GerenciandoBaseDedados.csproj", "{559DA37B-7302-4363-97EB-901AC23101FB}"
EndProject
Global
	GlobalSection(SolutionConfigurationPlatforms) = preSolution
		Debug|Any CPU = Debug|Any CPU
		Release|Any CPU = Release|Any CPU
	EndGlobalSection
	GlobalSection(ProjectConfigurationPlatforms) = postSolution
		{A73B7707-C713-4026-91EA-FAFE146BE693}.Debug|Any CPU.ActiveCfg = Debug|Any CPU
		{A73B7707-C713-4026-91EA-FAFE146BE693}.Debug|Any CPU.Build.0 = Debug|Any CPU
		{A73B7707-C713-4026-91EA-FAFE146BE693}.Release|Any CPU.ActiveCfg = Release|Any CPU
		{A73B7707-C713-4026-91EA-FAFE146BE693}.Release|Any CPU.Build.0 = Release|Any CPU
		{E09BA858-CAAF-4A09-853D-20FB22FAC4CE}.Debug|Any CPU.ActiveCfg = Debug|Any CPU
		{E09BA858-CAAF-4A09-853D-20FB22FAC4CE}.Debug|Any CPU.Build.0 = Debug|Any CPU
		{E09BA858-CAAF-4A09-853D-20FB22FAC4CE}.Release|Any CPU.ActiveCfg = Release|Any CPU
		{E09BA858-CAAF-4A09-853D-20FB22FAC4CE}.Release|Any CPU.Build.0 = Release|Any CPU
		{D7DEE4F2-3D31-46E6-8D33-C96CB27C941F}.Debug|Any CPU.ActiveCfg = Debug|Any CPU
		{D7DEE4F2-3D31-46E6-8D33-C96CB27C941F}.Debug|Any CPU.Build.0 = Debug|Any CPU
		{D7DEE4F2-3D31-46E6-8D33-C96CB27C941F}.Release|Any CPU.ActiveCfg = Release|Any CPU
		{D7DEE4F2-3D31-46E6-8D33-C96CB27C941F}.Release|Any CPU.Build.0 = Release|Any CPU
		{43424ECC-1AD6-4498-B884-1DBCD70FF99D}.Debug|Any CPU.ActiveCfg = Debug|Any CPU
		{43424ECC-1AD6-4498-B884-1DBCD70FF99D}.Debug|Any CPU.Build.0 = Debug|Any CPU
		{43424ECC-1AD6-4498-B884-1DBCD70FF99D}.Release|Any CPU.ActiveCfg = Release|Any CPU
		{43424ECC-1AD6-4498-B884-1DBCD70FF99D}.Release|Any CPU.Build.0 = Release|Any CPU
		{B1BA4D17-70FF-4490-910E-1E9904542662}.Debug|Any CPU.ActiveCfg = Debug|Any CPU
		{B1BA4D17-70FF-4490-910E-1E9904542662}.Debug|Any CPU.Build.0 = Debug|Any CPU
		{B1BA4D17-70FF-4490-910E-1E9904542662}.Release|Any CPU.ActiveCfg = Release|Any CPU
		{B1BA4D17-70FF-4490-910E-1E9904542662}.Release|Any CPU.Build.0 = Release|Any CPU
		{559DA37B-7302-4363-97EB-901AC23101FB}.Debug|Any CPU.ActiveCfg = Debug|Any CPU
		{559DA37B-7302-4363-97EB-901AC23101FB}.Debug|Any CPU.Build.0 = Debug|Any CPU
		{559DA37B-7302-4363-97EB-901AC23101FB}.Release|Any CPU.ActiveCfg = Release|Any CPU
		{559DA37B-7302-4363-97EB-901AC23101FB}.Release|Any CPU.Build.0 = Release|Any CPU
	EndGlobalSection
	GlobalSection(SolutionProperties) = preSolution
		HideSolutionNode = FALSE
	EndGlobalSection
	GlobalSection(ExtensibilityGlobals) = postSolution
		SolutionGuid = {BB6C6BE0-57AB-4BE1-BAA5-3C8751B32FE2}
	EndGlobalSection
EndGlobal
